
Microsoft Visual Studio Solution File, Format Version 12.00
# Visual Studio Version 17
VisualStudioVersion = 17.0.31903.59
MinimumVisualStudioVersion = 10.0.40219.1
Project("{FAE04EC0-301F-11D3-BF4B-00C04F79EFBC}") = "Aplicacao", "Aplicacao\Aplicacao.csproj", "{8F001D94-A7B7-44FD-8298-838440101BAA}"
EndProject
Project("{FAE04EC0-301F-11D3-BF4B-00C04F79EFBC}") = "Model", "Model\Model.csproj", "{BF829850-778F-4D20-9AE0-FA239C5A4DE1}"
EndProject
Project("{FAE04EC0-301F-11D3-BF4B-00C04F79EFBC}") = "Lib", "Lib\Lib.csproj", "{47474828-07FA-43B1-A167-493DFC60CC17}"
EndProject
Global
	GlobalSection(SolutionConfigurationPlatforms) = preSolution
		Debug|Any CPU = Debug|Any CPU
		Release|Any CPU = Release|Any CPU
	EndGlobalSection
	GlobalSection(SolutionProperties) = preSolution
		HideSolutionNode = FALSE
	EndGlobalSection
	GlobalSection(ProjectConfigurationPlatforms) = postSolution
		{8F001D94-A7B7-44FD-8298-838440101BAA}.Debug|Any CPU.ActiveCfg = Debug|Any CPU
		{8F001D94-A7B7-44FD-8298-838440101BAA}.Debug|Any CPU.Build.0 = Debug|Any CPU
		{8F001D94-A7B7-44FD-8298-838440101BAA}.Release|Any CPU.ActiveCfg = Release|Any CPU
		{8F001D94-A7B7-44FD-8298-838440101BAA}.Release|Any CPU.Build.0 = Release|Any CPU
		{BF829850-778F-4D20-9AE0-FA239C5A4DE1}.Debug|Any CPU.ActiveCfg = Debug|Any CPU
		{BF829850-778F-4D20-9AE0-FA239C5A4DE1}.Debug|Any CPU.Build.0 = Debug|Any CPU
		{BF829850-778F-4D20-9AE0-FA239C5A4DE1}.Release|Any CPU.ActiveCfg = Release|Any CPU
		{BF829850-778F-4D20-9AE0-FA239C5A4DE1}.Release|Any CPU.Build.0 = Release|Any CPU
		{47474828-07FA-43B1-A167-493DFC60CC17}.Debug|Any CPU.ActiveCfg = Debug|Any CPU
		{47474828-07FA-43B1-A167-493DFC60CC17}.Debug|Any CPU.Build.0 = Debug|Any CPU
		{47474828-07FA-43B1-A167-493DFC60CC17}.Release|Any CPU.ActiveCfg = Release|Any CPU
		{47474828-07FA-43B1-A167-493DFC60CC17}.Release|Any CPU.Build.0 = Release|Any CPU
	EndGlobalSection
EndGlobal
